
Microsoft Visual Studio Solution File, Format Version 12.00
# Visual Studio Version 16
VisualStudioVersion = 16.0.29806.167
MinimumVisualStudioVersion = 10.0.40219.1
Project("{FAE04EC0-301F-11D3-BF4B-00C04F79EFBC}") = "NetTest", "NetTest\NetTest.csproj", "{5E3002A4-8D94-4CE5-9D13-A7E6AAFD1F95}"
EndProject
Project("{FAE04EC0-301F-11D3-BF4B-00C04F79EFBC}") = "MongoUtils", "MongoUtils\MongoUtils.csproj", "{0260004F-CD6C-408E-9E02-12940EBDC1D6}"
EndProject
Global
	GlobalSection(SolutionConfigurationPlatforms) = preSolution
		Debug|Any CPU = Debug|Any CPU
		Release|Any CPU = Release|Any CPU
	EndGlobalSection
	GlobalSection(ProjectConfigurationPlatforms) = postSolution
		{5E3002A4-8D94-4CE5-9D13-A7E6AAFD1F95}.Debug|Any CPU.ActiveCfg = Debug|Any CPU
		{5E3002A4-8D94-4CE5-9D13-A7E6AAFD1F95}.Debug|Any CPU.Build.0 = Debug|Any CPU
		{5E3002A4-8D94-4CE5-9D13-A7E6AAFD1F95}.Release|Any CPU.ActiveCfg = Release|Any CPU
		{5E3002A4-8D94-4CE5-9D13-A7E6AAFD1F95}.Release|Any CPU.Build.0 = Release|Any CPU
		{0260004F-CD6C-408E-9E02-12940EBDC1D6}.Debug|Any CPU.ActiveCfg = Debug|Any CPU
		{0260004F-CD6C-408E-9E02-12940EBDC1D6}.Debug|Any CPU.Build.0 = Debug|Any CPU
		{0260004F-CD6C-408E-9E02-12940EBDC1D6}.Release|Any CPU.ActiveCfg = Release|Any CPU
		{0260004F-CD6C-408E-9E02-12940EBDC1D6}.Release|Any CPU.Build.0 = Release|Any CPU
	EndGlobalSection
	GlobalSection(SolutionProperties) = preSolution
		HideSolutionNode = FALSE
	EndGlobalSection
	GlobalSection(ExtensibilityGlobals) = postSolution
		SolutionGuid = {60D75C41-FE86-4010-B883-D06B0FC4A7F4}
	EndGlobalSection
EndGlobal
